
Microsoft Visual Studio Solution File, Format Version 12.00
# Visual Studio 15
VisualStudioVersion = 15.0.27130.2036
MinimumVisualStudioVersion = 10.0.40219.1
Project("{8BC9CEB8-8B4A-11D0-8D11-00A0C91BC942}") = "opencv_project", "opencv_project\opencv_project.vcxproj", "{4052BE63-1ADB-4054-9153-4D5F68B50DEE}"
EndProject
Global
	GlobalSection(SolutionConfigurationPlatforms) = preSolution
		Debug|x64 = Debug|x64
		Debug|x86 = Debug|x86
		Release|x64 = Release|x64
		Release|x86 = Release|x86
	EndGlobalSection
	GlobalSection(ProjectConfigurationPlatforms) = postSolution
		{4052BE63-1ADB-4054-9153-4D5F68B50DEE}.Debug|x64.ActiveCfg = Debug|x64
		{4052BE63-1ADB-4054-9153-4D5F68B50DEE}.Debug|x64.Build.0 = Debug|x64
		{4052BE63-1ADB-4054-9153-4D5F68B50DEE}.Debug|x86.ActiveCfg = Debug|Win32
		{4052BE63-1ADB-4054-9153-4D5F68B50DEE}.Debug|x86.Build.0 = Debug|Win32
		{4052BE63-1ADB-4054-9153-4D5F68B50DEE}.Release|x64.ActiveCfg = Release|x64
		{4052BE63-1ADB-4054-9153-4D5F68B50DEE}.Release|x64.Build.0 = Release|x64
		{4052BE63-1ADB-4054-9153-4D5F68B50DEE}.Release|x86.ActiveCfg = Release|Win32
		{4052BE63-1ADB-4054-9153-4D5F68B50DEE}.Release|x86.Build.0 = Release|Win32
	EndGlobalSection
	GlobalSection(SolutionProperties) = preSolution
		HideSolutionNode = FALSE
	EndGlobalSection
	GlobalSection(ExtensibilityGlobals) = postSolution
		SolutionGuid = {E293E35D-B918-4AAF-84F1-64F775760B99}
	EndGlobalSection
EndGlobal
